// !$*UTF8*$!
{
	archiveVersion = 1;
	classes = {
	};
	objectVersion = 56;
	objects = {

/* Begin PBXBuildFile section */
		D32B6B122A829EE300D31CF7 /* FeedStoreSpecs.swift in Sources */ = {isa = PBXBuildFile; fileRef = D32B6B112A829EE300D31CF7 /* FeedStoreSpecs.swift */; };
		D32D8A3A2A810A8E00AACFB1 /* FeedCachePolicy.swift in Sources */ = {isa = PBXBuildFile; fileRef = D32D8A392A810A8E00AACFB1 /* FeedCachePolicy.swift */; };
		D32D8A3C2A8111C400AACFB1 /* CodableFeedStoreTests.swift in Sources */ = {isa = PBXBuildFile; fileRef = D32D8A3B2A8111C400AACFB1 /* CodableFeedStoreTests.swift */; };
		D34F13AE2A7FCA4100AC9DB7 /* ValidateFeedCacheUseCaseTests.swift in Sources */ = {isa = PBXBuildFile; fileRef = D34F13AD2A7FCA4100AC9DB7 /* ValidateFeedCacheUseCaseTests.swift */; };
		D34F13B02A7FCCE200AC9DB7 /* FeedCacheTestHelpers.swift in Sources */ = {isa = PBXBuildFile; fileRef = D34F13AF2A7FCCE200AC9DB7 /* FeedCacheTestHelpers.swift */; };
		D34F13B22A7FCD8E00AC9DB7 /* SharedTestHelpers.swift in Sources */ = {isa = PBXBuildFile; fileRef = D34F13B12A7FCD8E00AC9DB7 /* SharedTestHelpers.swift */; };
		D3740F352A7C100C00F23B18 /* EssentialFeedAPIEndToEndTests.swift in Sources */ = {isa = PBXBuildFile; fileRef = D3740F342A7C100C00F23B18 /* EssentialFeedAPIEndToEndTests.swift */; };
		D3740F362A7C100C00F23B18 /* EssentialFeed.framework in Frameworks */ = {isa = PBXBuildFile; fileRef = D3EC35272A532C0000B4F797 /* EssentialFeed.framework */; };
		D3740F3C2A7C162D00F23B18 /* XCTestCase+MemoryLeakTracking.swift in Sources */ = {isa = PBXBuildFile; fileRef = D3E7729F2A7BED5100B4D3D5 /* XCTestCase+MemoryLeakTracking.swift */; };
		D3740F402A7C2A0B00F23B18 /* CacheFeedUseCaseTests.swift in Sources */ = {isa = PBXBuildFile; fileRef = D3740F3F2A7C2A0B00F23B18 /* CacheFeedUseCaseTests.swift */; };
		D3740F432A7E785600F23B18 /* LocalFeedLoader.swift in Sources */ = {isa = PBXBuildFile; fileRef = D3740F422A7E785600F23B18 /* LocalFeedLoader.swift */; };
		D3740F452A7E78B100F23B18 /* FeedStore.swift in Sources */ = {isa = PBXBuildFile; fileRef = D3740F442A7E78B100F23B18 /* FeedStore.swift */; };
		D3740F472A7E962100F23B18 /* RemoteFeedItem.swift in Sources */ = {isa = PBXBuildFile; fileRef = D3740F462A7E962100F23B18 /* RemoteFeedItem.swift */; };
		D3740F492A7E964800F23B18 /* LocalFeedImage.swift in Sources */ = {isa = PBXBuildFile; fileRef = D3740F482A7E964800F23B18 /* LocalFeedImage.swift */; };
		D3740F4B2A7EA14800F23B18 /* LoadFeedFromCacheUseCaseTests.swift in Sources */ = {isa = PBXBuildFile; fileRef = D3740F4A2A7EA14800F23B18 /* LoadFeedFromCacheUseCaseTests.swift */; };
		D3740F4E2A7EA23F00F23B18 /* FeedStoreSpy.swift in Sources */ = {isa = PBXBuildFile; fileRef = D3740F4D2A7EA23F00F23B18 /* FeedStoreSpy.swift */; };
		D393405E2A597BA80032A997 /* RemoteFeedLoader.swift in Sources */ = {isa = PBXBuildFile; fileRef = D393405D2A597BA80032A997 /* RemoteFeedLoader.swift */; };
		D39340602A59ABA30032A997 /* HTTPClient.swift in Sources */ = {isa = PBXBuildFile; fileRef = D393405F2A59ABA30032A997 /* HTTPClient.swift */; };
		D39340622A59ABCE0032A997 /* FeedItemMapper.swift in Sources */ = {isa = PBXBuildFile; fileRef = D39340612A59ABCE0032A997 /* FeedItemMapper.swift */; };
		D39340652A59BD000032A997 /* URLSessionHTTPClientTests.swift in Sources */ = {isa = PBXBuildFile; fileRef = D39340642A59BD000032A997 /* URLSessionHTTPClientTests.swift */; };
		D3E20B082A812735001CC841 /* CodableFeedStore.swift in Sources */ = {isa = PBXBuildFile; fileRef = D3E20B072A812735001CC841 /* CodableFeedStore.swift */; };
		D3E772A02A7BED5100B4D3D5 /* XCTestCase+MemoryLeakTracking.swift in Sources */ = {isa = PBXBuildFile; fileRef = D3E7729F2A7BED5100B4D3D5 /* XCTestCase+MemoryLeakTracking.swift */; };
		D3E772A22A7BF93600B4D3D5 /* URLSessionHTTPClient.swift in Sources */ = {isa = PBXBuildFile; fileRef = D3E772A12A7BF93600B4D3D5 /* URLSessionHTTPClient.swift */; };
		D3EC35302A532C0100B4F797 /* EssentialFeed.framework in Frameworks */ = {isa = PBXBuildFile; fileRef = D3EC35272A532C0000B4F797 /* EssentialFeed.framework */; };
		D3EC35362A532C0100B4F797 /* EssentialFeed.h in Headers */ = {isa = PBXBuildFile; fileRef = D3EC352A2A532C0000B4F797 /* EssentialFeed.h */; settings = {ATTRIBUTES = (Public, ); }; };
		D3EC35402A532C0E00B4F797 /* FeedImage.swift in Sources */ = {isa = PBXBuildFile; fileRef = D3EC353F2A532C0E00B4F797 /* FeedImage.swift */; };
		D3EC35422A532C5B00B4F797 /* FeedLoader.swift in Sources */ = {isa = PBXBuildFile; fileRef = D3EC35412A532C5B00B4F797 /* FeedLoader.swift */; };
		D3EC35452A532DB500B4F797 /* LoadFeedFromRemoteUseCaseTests.swift in Sources */ = {isa = PBXBuildFile; fileRef = D3EC35442A532DB500B4F797 /* LoadFeedFromRemoteUseCaseTests.swift */; };
/* End PBXBuildFile section */

/* Begin PBXContainerItemProxy section */
		D3740F372A7C100C00F23B18 /* PBXContainerItemProxy */ = {
			isa = PBXContainerItemProxy;
			containerPortal = D3EC351E2A532C0000B4F797 /* Project object */;
			proxyType = 1;
			remoteGlobalIDString = D3EC35262A532C0000B4F797;
			remoteInfo = EssentialFeed;
		};
		D3EC35312A532C0100B4F797 /* PBXContainerItemProxy */ = {
			isa = PBXContainerItemProxy;
			containerPortal = D3EC351E2A532C0000B4F797 /* Project object */;
			proxyType = 1;
			remoteGlobalIDString = D3EC35262A532C0000B4F797;
			remoteInfo = EssentialFeed;
		};
/* End PBXContainerItemProxy section */

/* Begin PBXFileReference section */
		D32B6B112A829EE300D31CF7 /* FeedStoreSpecs.swift */ = {isa = PBXFileReference; lastKnownFileType = sourcecode.swift; path = FeedStoreSpecs.swift; sourceTree = "<group>"; };
		D32D8A392A810A8E00AACFB1 /* FeedCachePolicy.swift */ = {isa = PBXFileReference; lastKnownFileType = sourcecode.swift; path = FeedCachePolicy.swift; sourceTree = "<group>"; };
		D32D8A3B2A8111C400AACFB1 /* CodableFeedStoreTests.swift */ = {isa = PBXFileReference; lastKnownFileType = sourcecode.swift; path = CodableFeedStoreTests.swift; sourceTree = "<group>"; };
		D34F13AD2A7FCA4100AC9DB7 /* ValidateFeedCacheUseCaseTests.swift */ = {isa = PBXFileReference; lastKnownFileType = sourcecode.swift; path = ValidateFeedCacheUseCaseTests.swift; sourceTree = "<group>"; };
		D34F13AF2A7FCCE200AC9DB7 /* FeedCacheTestHelpers.swift */ = {isa = PBXFileReference; lastKnownFileType = sourcecode.swift; path = FeedCacheTestHelpers.swift; sourceTree = "<group>"; };
		D34F13B12A7FCD8E00AC9DB7 /* SharedTestHelpers.swift */ = {isa = PBXFileReference; lastKnownFileType = sourcecode.swift; path = SharedTestHelpers.swift; sourceTree = "<group>"; };
		D3740F2D2A7C0DE600F23B18 /* EssentialFeed.xctestplan */ = {isa = PBXFileReference; lastKnownFileType = text; path = EssentialFeed.xctestplan; sourceTree = "<group>"; };
		D3740F322A7C100C00F23B18 /* EssentialFeedAPIEndToEndTests.xctest */ = {isa = PBXFileReference; explicitFileType = wrapper.cfbundle; includeInIndex = 0; path = EssentialFeedAPIEndToEndTests.xctest; sourceTree = BUILT_PRODUCTS_DIR; };
		D3740F342A7C100C00F23B18 /* EssentialFeedAPIEndToEndTests.swift */ = {isa = PBXFileReference; lastKnownFileType = sourcecode.swift; path = EssentialFeedAPIEndToEndTests.swift; sourceTree = "<group>"; };
		D3740F3D2A7C190300F23B18 /* CI.xctestplan */ = {isa = PBXFileReference; lastKnownFileType = text; path = CI.xctestplan; sourceTree = "<group>"; };
		D3740F3F2A7C2A0B00F23B18 /* CacheFeedUseCaseTests.swift */ = {isa = PBXFileReference; lastKnownFileType = sourcecode.swift; path = CacheFeedUseCaseTests.swift; sourceTree = "<group>"; };
		D3740F422A7E785600F23B18 /* LocalFeedLoader.swift */ = {isa = PBXFileReference; lastKnownFileType = sourcecode.swift; path = LocalFeedLoader.swift; sourceTree = "<group>"; };
		D3740F442A7E78B100F23B18 /* FeedStore.swift */ = {isa = PBXFileReference; lastKnownFileType = sourcecode.swift; path = FeedStore.swift; sourceTree = "<group>"; };
		D3740F462A7E962100F23B18 /* RemoteFeedItem.swift */ = {isa = PBXFileReference; lastKnownFileType = sourcecode.swift; path = RemoteFeedItem.swift; sourceTree = "<group>"; };
		D3740F482A7E964800F23B18 /* LocalFeedImage.swift */ = {isa = PBXFileReference; lastKnownFileType = sourcecode.swift; path = LocalFeedImage.swift; sourceTree = "<group>"; };
		D3740F4A2A7EA14800F23B18 /* LoadFeedFromCacheUseCaseTests.swift */ = {isa = PBXFileReference; lastKnownFileType = sourcecode.swift; path = LoadFeedFromCacheUseCaseTests.swift; sourceTree = "<group>"; };
		D3740F4D2A7EA23F00F23B18 /* FeedStoreSpy.swift */ = {isa = PBXFileReference; lastKnownFileType = sourcecode.swift; path = FeedStoreSpy.swift; sourceTree = "<group>"; };
		D393405D2A597BA80032A997 /* RemoteFeedLoader.swift */ = {isa = PBXFileReference; lastKnownFileType = sourcecode.swift; path = RemoteFeedLoader.swift; sourceTree = "<group>"; };
		D393405F2A59ABA30032A997 /* HTTPClient.swift */ = {isa = PBXFileReference; lastKnownFileType = sourcecode.swift; path = HTTPClient.swift; sourceTree = "<group>"; };
		D39340612A59ABCE0032A997 /* FeedItemMapper.swift */ = {isa = PBXFileReference; lastKnownFileType = sourcecode.swift; path = FeedItemMapper.swift; sourceTree = "<group>"; };
		D39340642A59BD000032A997 /* URLSessionHTTPClientTests.swift */ = {isa = PBXFileReference; lastKnownFileType = sourcecode.swift; path = URLSessionHTTPClientTests.swift; sourceTree = "<group>"; };
		D3E20B072A812735001CC841 /* CodableFeedStore.swift */ = {isa = PBXFileReference; lastKnownFileType = sourcecode.swift; path = CodableFeedStore.swift; sourceTree = "<group>"; };
		D3E7729F2A7BED5100B4D3D5 /* XCTestCase+MemoryLeakTracking.swift */ = {isa = PBXFileReference; lastKnownFileType = sourcecode.swift; path = "XCTestCase+MemoryLeakTracking.swift"; sourceTree = "<group>"; };
		D3E772A12A7BF93600B4D3D5 /* URLSessionHTTPClient.swift */ = {isa = PBXFileReference; lastKnownFileType = sourcecode.swift; path = URLSessionHTTPClient.swift; sourceTree = "<group>"; };
		D3EC35272A532C0000B4F797 /* EssentialFeed.framework */ = {isa = PBXFileReference; explicitFileType = wrapper.framework; includeInIndex = 0; path = EssentialFeed.framework; sourceTree = BUILT_PRODUCTS_DIR; };
		D3EC352A2A532C0000B4F797 /* EssentialFeed.h */ = {isa = PBXFileReference; lastKnownFileType = sourcecode.c.h; path = EssentialFeed.h; sourceTree = "<group>"; };
		D3EC352F2A532C0100B4F797 /* EssentialFeedTests.xctest */ = {isa = PBXFileReference; explicitFileType = wrapper.cfbundle; includeInIndex = 0; path = EssentialFeedTests.xctest; sourceTree = BUILT_PRODUCTS_DIR; };
		D3EC353F2A532C0E00B4F797 /* FeedImage.swift */ = {isa = PBXFileReference; lastKnownFileType = sourcecode.swift; path = FeedImage.swift; sourceTree = "<group>"; };
		D3EC35412A532C5B00B4F797 /* FeedLoader.swift */ = {isa = PBXFileReference; lastKnownFileType = sourcecode.swift; path = FeedLoader.swift; sourceTree = "<group>"; };
		D3EC35442A532DB500B4F797 /* LoadFeedFromRemoteUseCaseTests.swift */ = {isa = PBXFileReference; lastKnownFileType = sourcecode.swift; path = LoadFeedFromRemoteUseCaseTests.swift; sourceTree = "<group>"; };
/* End PBXFileReference section */

/* Begin PBXFrameworksBuildPhase section */
		D3740F2F2A7C100C00F23B18 /* Frameworks */ = {
			isa = PBXFrameworksBuildPhase;
			buildActionMask = 2147483647;
			files = (
				D3740F362A7C100C00F23B18 /* EssentialFeed.framework in Frameworks */,
			);
			runOnlyForDeploymentPostprocessing = 0;
		};
		D3EC35242A532C0000B4F797 /* Frameworks */ = {
			isa = PBXFrameworksBuildPhase;
			buildActionMask = 2147483647;
			files = (
			);
			runOnlyForDeploymentPostprocessing = 0;
		};
		D3EC352C2A532C0100B4F797 /* Frameworks */ = {
			isa = PBXFrameworksBuildPhase;
			buildActionMask = 2147483647;
			files = (
				D3EC35302A532C0100B4F797 /* EssentialFeed.framework in Frameworks */,
			);
			runOnlyForDeploymentPostprocessing = 0;
		};
/* End PBXFrameworksBuildPhase section */

/* Begin PBXGroup section */
		D3740F332A7C100C00F23B18 /* EssentialFeedAPIEndToEndTests */ = {
			isa = PBXGroup;
			children = (
				D3740F342A7C100C00F23B18 /* EssentialFeedAPIEndToEndTests.swift */,
			);
			path = EssentialFeedAPIEndToEndTests;
			sourceTree = "<group>";
		};
		D3740F3E2A7C29E800F23B18 /* Feed Cache */ = {
			isa = PBXGroup;
			children = (
				D3740F4C2A7EA22F00F23B18 /* Helpers */,
				D3740F3F2A7C2A0B00F23B18 /* CacheFeedUseCaseTests.swift */,
				D3740F4A2A7EA14800F23B18 /* LoadFeedFromCacheUseCaseTests.swift */,
				D34F13AD2A7FCA4100AC9DB7 /* ValidateFeedCacheUseCaseTests.swift */,
				D32D8A3B2A8111C400AACFB1 /* CodableFeedStoreTests.swift */,
				D32B6B112A829EE300D31CF7 /* FeedStoreSpecs.swift */,
			);
			path = "Feed Cache";
			sourceTree = "<group>";
		};
		D3740F412A7E784800F23B18 /* Feed Cache */ = {
			isa = PBXGroup;
			children = (
				D3740F422A7E785600F23B18 /* LocalFeedLoader.swift */,
				D3740F442A7E78B100F23B18 /* FeedStore.swift */,
				D3740F482A7E964800F23B18 /* LocalFeedImage.swift */,
				D32D8A392A810A8E00AACFB1 /* FeedCachePolicy.swift */,
				D3E20B072A812735001CC841 /* CodableFeedStore.swift */,
			);
			path = "Feed Cache";
			sourceTree = "<group>";
		};
		D3740F4C2A7EA22F00F23B18 /* Helpers */ = {
			isa = PBXGroup;
			children = (
				D3740F4D2A7EA23F00F23B18 /* FeedStoreSpy.swift */,
				D34F13AF2A7FCCE200AC9DB7 /* FeedCacheTestHelpers.swift */,
			);
			path = Helpers;
			sourceTree = "<group>";
		};
		D393405C2A597B8C0032A997 /* Feed API */ = {
			isa = PBXGroup;
			children = (
				D393405D2A597BA80032A997 /* RemoteFeedLoader.swift */,
				D39340612A59ABCE0032A997 /* FeedItemMapper.swift */,
				D393405F2A59ABA30032A997 /* HTTPClient.swift */,
				D3E772A12A7BF93600B4D3D5 /* URLSessionHTTPClient.swift */,
				D3740F462A7E962100F23B18 /* RemoteFeedItem.swift */,
			);
			path = "Feed API";
			sourceTree = "<group>";
		};
		D39340632A59AFF00032A997 /* Feed API */ = {
			isa = PBXGroup;
			children = (
				D3EC35442A532DB500B4F797 /* LoadFeedFromRemoteUseCaseTests.swift */,
				D39340642A59BD000032A997 /* URLSessionHTTPClientTests.swift */,
			);
			path = "Feed API";
			sourceTree = "<group>";
		};
		D3E7729E2A7BED2800B4D3D5 /* Helpers */ = {
			isa = PBXGroup;
			children = (
				D3E7729F2A7BED5100B4D3D5 /* XCTestCase+MemoryLeakTracking.swift */,
				D34F13B12A7FCD8E00AC9DB7 /* SharedTestHelpers.swift */,
			);
			path = Helpers;
			sourceTree = "<group>";
		};
		D3EC351D2A532C0000B4F797 = {
			isa = PBXGroup;
			children = (
				D3740F3D2A7C190300F23B18 /* CI.xctestplan */,
				D3740F2D2A7C0DE600F23B18 /* EssentialFeed.xctestplan */,
				D3EC35292A532C0000B4F797 /* EssentialFeed */,
				D3EC35332A532C0100B4F797 /* EssentialFeedTests */,
				D3740F332A7C100C00F23B18 /* EssentialFeedAPIEndToEndTests */,
				D3EC35282A532C0000B4F797 /* Products */,
			);
			sourceTree = "<group>";
		};
		D3EC35282A532C0000B4F797 /* Products */ = {
			isa = PBXGroup;
			children = (
				D3EC35272A532C0000B4F797 /* EssentialFeed.framework */,
				D3EC352F2A532C0100B4F797 /* EssentialFeedTests.xctest */,
				D3740F322A7C100C00F23B18 /* EssentialFeedAPIEndToEndTests.xctest */,
			);
			name = Products;
			sourceTree = "<group>";
		};
		D3EC35292A532C0000B4F797 /* EssentialFeed */ = {
			isa = PBXGroup;
			children = (
				D3740F412A7E784800F23B18 /* Feed Cache */,
				D3EC35432A532CE100B4F797 /* Feed Feature */,
				D393405C2A597B8C0032A997 /* Feed API */,
				D3EC352A2A532C0000B4F797 /* EssentialFeed.h */,
			);
			path = EssentialFeed;
			sourceTree = "<group>";
		};
		D3EC35332A532C0100B4F797 /* EssentialFeedTests */ = {
			isa = PBXGroup;
			children = (
				D3E7729E2A7BED2800B4D3D5 /* Helpers */,
				D3740F3E2A7C29E800F23B18 /* Feed Cache */,
				D39340632A59AFF00032A997 /* Feed API */,
			);
			path = EssentialFeedTests;
			sourceTree = "<group>";
		};
		D3EC35432A532CE100B4F797 /* Feed Feature */ = {
			isa = PBXGroup;
			children = (
				D3EC353F2A532C0E00B4F797 /* FeedImage.swift */,
				D3EC35412A532C5B00B4F797 /* FeedLoader.swift */,
			);
			path = "Feed Feature";
			sourceTree = "<group>";
		};
/* End PBXGroup section */

/* Begin PBXHeadersBuildPhase section */
		D3EC35222A532C0000B4F797 /* Headers */ = {
			isa = PBXHeadersBuildPhase;
			buildActionMask = 2147483647;
			files = (
				D3EC35362A532C0100B4F797 /* EssentialFeed.h in Headers */,
			);
			runOnlyForDeploymentPostprocessing = 0;
		};
/* End PBXHeadersBuildPhase section */

/* Begin PBXNativeTarget section */
		D3740F312A7C100C00F23B18 /* EssentialFeedAPIEndToEndTests */ = {
			isa = PBXNativeTarget;
			buildConfigurationList = D3740F392A7C100C00F23B18 /* Build configuration list for PBXNativeTarget "EssentialFeedAPIEndToEndTests" */;
			buildPhases = (
				D3740F2E2A7C100C00F23B18 /* Sources */,
				D3740F2F2A7C100C00F23B18 /* Frameworks */,
				D3740F302A7C100C00F23B18 /* Resources */,
			);
			buildRules = (
			);
			dependencies = (
				D3740F382A7C100C00F23B18 /* PBXTargetDependency */,
			);
			name = EssentialFeedAPIEndToEndTests;
			productName = EssentialFeedAPIEndToEndTests;
			productReference = D3740F322A7C100C00F23B18 /* EssentialFeedAPIEndToEndTests.xctest */;
			productType = "com.apple.product-type.bundle.unit-test";
		};
		D3EC35262A532C0000B4F797 /* EssentialFeed */ = {
			isa = PBXNativeTarget;
			buildConfigurationList = D3EC35392A532C0100B4F797 /* Build configuration list for PBXNativeTarget "EssentialFeed" */;
			buildPhases = (
				D3EC35222A532C0000B4F797 /* Headers */,
				D3EC35232A532C0000B4F797 /* Sources */,
				D3EC35242A532C0000B4F797 /* Frameworks */,
				D3EC35252A532C0000B4F797 /* Resources */,
			);
			buildRules = (
			);
			dependencies = (
			);
			name = EssentialFeed;
			productName = EssentialFeed;
			productReference = D3EC35272A532C0000B4F797 /* EssentialFeed.framework */;
			productType = "com.apple.product-type.framework";
		};
		D3EC352E2A532C0100B4F797 /* EssentialFeedTests */ = {
			isa = PBXNativeTarget;
			buildConfigurationList = D3EC353C2A532C0100B4F797 /* Build configuration list for PBXNativeTarget "EssentialFeedTests" */;
			buildPhases = (
				D3EC352B2A532C0100B4F797 /* Sources */,
				D3EC352C2A532C0100B4F797 /* Frameworks */,
				D3EC352D2A532C0100B4F797 /* Resources */,
			);
			buildRules = (
			);
			dependencies = (
				D3EC35322A532C0100B4F797 /* PBXTargetDependency */,
			);
			name = EssentialFeedTests;
			productName = EssentialFeedTests;
			productReference = D3EC352F2A532C0100B4F797 /* EssentialFeedTests.xctest */;
			productType = "com.apple.product-type.bundle.unit-test";
		};
/* End PBXNativeTarget section */

/* Begin PBXProject section */
		D3EC351E2A532C0000B4F797 /* Project object */ = {
			isa = PBXProject;
			attributes = {
				BuildIndependentTargetsInParallel = 1;
				LastSwiftUpdateCheck = 1430;
				LastUpgradeCheck = 1430;
				TargetAttributes = {
					D3740F312A7C100C00F23B18 = {
						CreatedOnToolsVersion = 14.3.1;
					};
					D3EC35262A532C0000B4F797 = {
						CreatedOnToolsVersion = 14.3.1;
						LastSwiftMigration = 1430;
					};
					D3EC352E2A532C0100B4F797 = {
						CreatedOnToolsVersion = 14.3.1;
					};
				};
			};
			buildConfigurationList = D3EC35212A532C0000B4F797 /* Build configuration list for PBXProject "EssentialFeed" */;
			compatibilityVersion = "Xcode 14.0";
			developmentRegion = en;
			hasScannedForEncodings = 0;
			knownRegions = (
				en,
				Base,
			);
			mainGroup = D3EC351D2A532C0000B4F797;
			productRefGroup = D3EC35282A532C0000B4F797 /* Products */;
			projectDirPath = "";
			projectRoot = "";
			targets = (
				D3EC35262A532C0000B4F797 /* EssentialFeed */,
				D3EC352E2A532C0100B4F797 /* EssentialFeedTests */,
				D3740F312A7C100C00F23B18 /* EssentialFeedAPIEndToEndTests */,
			);
		};
/* End PBXProject section */

/* Begin PBXResourcesBuildPhase section */
		D3740F302A7C100C00F23B18 /* Resources */ = {
			isa = PBXResourcesBuildPhase;
			buildActionMask = 2147483647;
			files = (
			);
			runOnlyForDeploymentPostprocessing = 0;
		};
		D3EC35252A532C0000B4F797 /* Resources */ = {
			isa = PBXResourcesBuildPhase;
			buildActionMask = 2147483647;
			files = (
			);
			runOnlyForDeploymentPostprocessing = 0;
		};
		D3EC352D2A532C0100B4F797 /* Resources */ = {
			isa = PBXResourcesBuildPhase;
			buildActionMask = 2147483647;
			files = (
			);
			runOnlyForDeploymentPostprocessing = 0;
		};
/* End PBXResourcesBuildPhase section */

/* Begin PBXSourcesBuildPhase section */
		D3740F2E2A7C100C00F23B18 /* Sources */ = {
			isa = PBXSourcesBuildPhase;
			buildActionMask = 2147483647;
			files = (
				D3740F352A7C100C00F23B18 /* EssentialFeedAPIEndToEndTests.swift in Sources */,
				D3740F3C2A7C162D00F23B18 /* XCTestCase+MemoryLeakTracking.swift in Sources */,
			);
			runOnlyForDeploymentPostprocessing = 0;
		};
		D3EC35232A532C0000B4F797 /* Sources */ = {
			isa = PBXSourcesBuildPhase;
			buildActionMask = 2147483647;
			files = (
				D3EC35422A532C5B00B4F797 /* FeedLoader.swift in Sources */,
				D39340622A59ABCE0032A997 /* FeedItemMapper.swift in Sources */,
				D3740F472A7E962100F23B18 /* RemoteFeedItem.swift in Sources */,
				D32D8A3A2A810A8E00AACFB1 /* FeedCachePolicy.swift in Sources */,
				D393405E2A597BA80032A997 /* RemoteFeedLoader.swift in Sources */,
				D3740F492A7E964800F23B18 /* LocalFeedImage.swift in Sources */,
				D3740F452A7E78B100F23B18 /* FeedStore.swift in Sources */,
				D3740F432A7E785600F23B18 /* LocalFeedLoader.swift in Sources */,
				D3E20B082A812735001CC841 /* CodableFeedStore.swift in Sources */,
				D39340602A59ABA30032A997 /* HTTPClient.swift in Sources */,
				D3EC35402A532C0E00B4F797 /* FeedImage.swift in Sources */,
				D3E772A22A7BF93600B4D3D5 /* URLSessionHTTPClient.swift in Sources */,
			);
			runOnlyForDeploymentPostprocessing = 0;
		};
		D3EC352B2A532C0100B4F797 /* Sources */ = {
			isa = PBXSourcesBuildPhase;
			buildActionMask = 2147483647;
			files = (
				D32D8A3C2A8111C400AACFB1 /* CodableFeedStoreTests.swift in Sources */,
				D34F13B02A7FCCE200AC9DB7 /* FeedCacheTestHelpers.swift in Sources */,
				D34F13AE2A7FCA4100AC9DB7 /* ValidateFeedCacheUseCaseTests.swift in Sources */,
				D3EC35452A532DB500B4F797 /* LoadFeedFromRemoteUseCaseTests.swift in Sources */,
				D39340652A59BD000032A997 /* URLSessionHTTPClientTests.swift in Sources */,
				D3740F4E2A7EA23F00F23B18 /* FeedStoreSpy.swift in Sources */,
				D34F13B22A7FCD8E00AC9DB7 /* SharedTestHelpers.swift in Sources */,
				D3740F402A7C2A0B00F23B18 /* CacheFeedUseCaseTests.swift in Sources */,
				D3740F4B2A7EA14800F23B18 /* LoadFeedFromCacheUseCaseTests.swift in Sources */,
				D32B6B122A829EE300D31CF7 /* FeedStoreSpecs.swift in Sources */,
				D3E772A02A7BED5100B4D3D5 /* XCTestCase+MemoryLeakTracking.swift in Sources */,
			);
			runOnlyForDeploymentPostprocessing = 0;
		};
/* End PBXSourcesBuildPhase section */

/* Begin PBXTargetDependency section */
		D3740F382A7C100C00F23B18 /* PBXTargetDependency */ = {
			isa = PBXTargetDependency;
			target = D3EC35262A532C0000B4F797 /* EssentialFeed */;
			targetProxy = D3740F372A7C100C00F23B18 /* PBXContainerItemProxy */;
		};
		D3EC35322A532C0100B4F797 /* PBXTargetDependency */ = {
			isa = PBXTargetDependency;
			target = D3EC35262A532C0000B4F797 /* EssentialFeed */;
			targetProxy = D3EC35312A532C0100B4F797 /* PBXContainerItemProxy */;
		};
/* End PBXTargetDependency section */

/* Begin XCBuildConfiguration section */
		D3740F3A2A7C100C00F23B18 /* Debug */ = {
			isa = XCBuildConfiguration;
			buildSettings = {
				CODE_SIGN_STYLE = Automatic;
				CURRENT_PROJECT_VERSION = 1;
				DEVELOPMENT_TEAM = P2PH6ZPWL5;
				GENERATE_INFOPLIST_FILE = YES;
				MARKETING_VERSION = 1.0;
				PRODUCT_BUNDLE_IDENTIFIER = dev.merdin.EssentialFeedAPIEndToEndTests;
				PRODUCT_NAME = "$(TARGET_NAME)";
				SWIFT_EMIT_LOC_STRINGS = NO;
				SWIFT_VERSION = 5.0;
			};
			name = Debug;
		};
		D3740F3B2A7C100C00F23B18 /* Release */ = {
			isa = XCBuildConfiguration;
			buildSettings = {
				CODE_SIGN_STYLE = Automatic;
				CURRENT_PROJECT_VERSION = 1;
				DEVELOPMENT_TEAM = P2PH6ZPWL5;
				GENERATE_INFOPLIST_FILE = YES;
				MARKETING_VERSION = 1.0;
				PRODUCT_BUNDLE_IDENTIFIER = dev.merdin.EssentialFeedAPIEndToEndTests;
				PRODUCT_NAME = "$(TARGET_NAME)";
				SWIFT_EMIT_LOC_STRINGS = NO;
				SWIFT_VERSION = 5.0;
			};
			name = Release;
		};
		D3EC35372A532C0100B4F797 /* Debug */ = {
			isa = XCBuildConfiguration;
			buildSettings = {
				ALWAYS_SEARCH_USER_PATHS = NO;
				CLANG_ANALYZER_NONNULL = YES;
				CLANG_ANALYZER_NUMBER_OBJECT_CONVERSION = YES_AGGRESSIVE;
				CLANG_CXX_LANGUAGE_STANDARD = "gnu++20";
				CLANG_ENABLE_MODULES = YES;
				CLANG_ENABLE_OBJC_ARC = YES;
				CLANG_ENABLE_OBJC_WEAK = YES;
				CLANG_WARN_BLOCK_CAPTURE_AUTORELEASING = YES;
				CLANG_WARN_BOOL_CONVERSION = YES;
				CLANG_WARN_COMMA = YES;
				CLANG_WARN_CONSTANT_CONVERSION = YES;
				CLANG_WARN_DEPRECATED_OBJC_IMPLEMENTATIONS = YES;
				CLANG_WARN_DIRECT_OBJC_ISA_USAGE = YES_ERROR;
				CLANG_WARN_DOCUMENTATION_COMMENTS = YES;
				CLANG_WARN_EMPTY_BODY = YES;
				CLANG_WARN_ENUM_CONVERSION = YES;
				CLANG_WARN_INFINITE_RECURSION = YES;
				CLANG_WARN_INT_CONVERSION = YES;
				CLANG_WARN_NON_LITERAL_NULL_CONVERSION = YES;
				CLANG_WARN_OBJC_IMPLICIT_RETAIN_SELF = YES;
				CLANG_WARN_OBJC_LITERAL_CONVERSION = YES;
				CLANG_WARN_OBJC_ROOT_CLASS = YES_ERROR;
				CLANG_WARN_QUOTED_INCLUDE_IN_FRAMEWORK_HEADER = YES;
				CLANG_WARN_RANGE_LOOP_ANALYSIS = YES;
				CLANG_WARN_STRICT_PROTOTYPES = YES;
				CLANG_WARN_SUSPICIOUS_MOVE = YES;
				CLANG_WARN_UNGUARDED_AVAILABILITY = YES_AGGRESSIVE;
				CLANG_WARN_UNREACHABLE_CODE = YES;
				CLANG_WARN__DUPLICATE_METHOD_MATCH = YES;
				COPY_PHASE_STRIP = NO;
				CURRENT_PROJECT_VERSION = 1;
				DEBUG_INFORMATION_FORMAT = dwarf;
				ENABLE_STRICT_OBJC_MSGSEND = YES;
				ENABLE_TESTABILITY = YES;
				GCC_C_LANGUAGE_STANDARD = gnu11;
				GCC_DYNAMIC_NO_PIC = NO;
				GCC_NO_COMMON_BLOCKS = YES;
				GCC_OPTIMIZATION_LEVEL = 0;
				GCC_PREPROCESSOR_DEFINITIONS = (
					"DEBUG=1",
					"$(inherited)",
				);
				GCC_WARN_64_TO_32_BIT_CONVERSION = YES;
				GCC_WARN_ABOUT_RETURN_TYPE = YES_ERROR;
				GCC_WARN_UNDECLARED_SELECTOR = YES;
				GCC_WARN_UNINITIALIZED_AUTOS = YES_AGGRESSIVE;
				GCC_WARN_UNUSED_FUNCTION = YES;
				GCC_WARN_UNUSED_VARIABLE = YES;
				MACOSX_DEPLOYMENT_TARGET = 13.3;
				MTL_ENABLE_DEBUG_INFO = INCLUDE_SOURCE;
				MTL_FAST_MATH = YES;
				ONLY_ACTIVE_ARCH = YES;
				SDKROOT = macosx;
				SWIFT_ACTIVE_COMPILATION_CONDITIONS = DEBUG;
				SWIFT_OPTIMIZATION_LEVEL = "-Onone";
				VERSIONING_SYSTEM = "apple-generic";
				VERSION_INFO_PREFIX = "";
			};
			name = Debug;
		};
		D3EC35382A532C0100B4F797 /* Release */ = {
			isa = XCBuildConfiguration;
			buildSettings = {
				ALWAYS_SEARCH_USER_PATHS = NO;
				CLANG_ANALYZER_NONNULL = YES;
				CLANG_ANALYZER_NUMBER_OBJECT_CONVERSION = YES_AGGRESSIVE;
				CLANG_CXX_LANGUAGE_STANDARD = "gnu++20";
				CLANG_ENABLE_MODULES = YES;
				CLANG_ENABLE_OBJC_ARC = YES;
				CLANG_ENABLE_OBJC_WEAK = YES;
				CLANG_WARN_BLOCK_CAPTURE_AUTORELEASING = YES;
				CLANG_WARN_BOOL_CONVERSION = YES;
				CLANG_WARN_COMMA = YES;
				CLANG_WARN_CONSTANT_CONVERSION = YES;
				CLANG_WARN_DEPRECATED_OBJC_IMPLEMENTATIONS = YES;
				CLANG_WARN_DIRECT_OBJC_ISA_USAGE = YES_ERROR;
				CLANG_WARN_DOCUMENTATION_COMMENTS = YES;
				CLANG_WARN_EMPTY_BODY = YES;
				CLANG_WARN_ENUM_CONVERSION = YES;
				CLANG_WARN_INFINITE_RECURSION = YES;
				CLANG_WARN_INT_CONVERSION = YES;
				CLANG_WARN_NON_LITERAL_NULL_CONVERSION = YES;
				CLANG_WARN_OBJC_IMPLICIT_RETAIN_SELF = YES;
				CLANG_WARN_OBJC_LITERAL_CONVERSION = YES;
				CLANG_WARN_OBJC_ROOT_CLASS = YES_ERROR;
				CLANG_WARN_QUOTED_INCLUDE_IN_FRAMEWORK_HEADER = YES;
				CLANG_WARN_RANGE_LOOP_ANALYSIS = YES;
				CLANG_WARN_STRICT_PROTOTYPES = YES;
				CLANG_WARN_SUSPICIOUS_MOVE = YES;
				CLANG_WARN_UNGUARDED_AVAILABILITY = YES_AGGRESSIVE;
				CLANG_WARN_UNREACHABLE_CODE = YES;
				CLANG_WARN__DUPLICATE_METHOD_MATCH = YES;
				COPY_PHASE_STRIP = NO;
				CURRENT_PROJECT_VERSION = 1;
				DEBUG_INFORMATION_FORMAT = "dwarf-with-dsym";
				ENABLE_NS_ASSERTIONS = NO;
				ENABLE_STRICT_OBJC_MSGSEND = YES;
				GCC_C_LANGUAGE_STANDARD = gnu11;
				GCC_NO_COMMON_BLOCKS = YES;
				GCC_WARN_64_TO_32_BIT_CONVERSION = YES;
				GCC_WARN_ABOUT_RETURN_TYPE = YES_ERROR;
				GCC_WARN_UNDECLARED_SELECTOR = YES;
				GCC_WARN_UNINITIALIZED_AUTOS = YES_AGGRESSIVE;
				GCC_WARN_UNUSED_FUNCTION = YES;
				GCC_WARN_UNUSED_VARIABLE = YES;
				MACOSX_DEPLOYMENT_TARGET = 13.3;
				MTL_ENABLE_DEBUG_INFO = NO;
				MTL_FAST_MATH = YES;
				SDKROOT = macosx;
				SWIFT_COMPILATION_MODE = wholemodule;
				SWIFT_OPTIMIZATION_LEVEL = "-O";
				VERSIONING_SYSTEM = "apple-generic";
				VERSION_INFO_PREFIX = "";
			};
			name = Release;
		};
		D3EC353A2A532C0100B4F797 /* Debug */ = {
			isa = XCBuildConfiguration;
			buildSettings = {
				CLANG_ENABLE_MODULES = YES;
				CODE_SIGN_STYLE = Automatic;
				COMBINE_HIDPI_IMAGES = YES;
				CURRENT_PROJECT_VERSION = 1;
				DEFINES_MODULE = YES;
				DEVELOPMENT_TEAM = P2PH6ZPWL5;
				DYLIB_COMPATIBILITY_VERSION = 1;
				DYLIB_CURRENT_VERSION = 1;
				DYLIB_INSTALL_NAME_BASE = "@rpath";
				ENABLE_MODULE_VERIFIER = YES;
				GENERATE_INFOPLIST_FILE = YES;
				INFOPLIST_KEY_NSHumanReadableCopyright = "";
				INSTALL_PATH = "$(LOCAL_LIBRARY_DIR)/Frameworks";
				LD_RUNPATH_SEARCH_PATHS = (
					"$(inherited)",
					"@executable_path/../Frameworks",
					"@loader_path/Frameworks",
				);
				MARKETING_VERSION = 1.0;
				MODULE_VERIFIER_SUPPORTED_LANGUAGES = "objective-c objective-c++";
				MODULE_VERIFIER_SUPPORTED_LANGUAGE_STANDARDS = "gnu11 gnu++20";
				PRODUCT_BUNDLE_IDENTIFIER = dev.merdin.EssentialFeed;
				PRODUCT_NAME = "$(TARGET_NAME:c99extidentifier)";
				SKIP_INSTALL = YES;
				SWIFT_EMIT_LOC_STRINGS = YES;
				SWIFT_OPTIMIZATION_LEVEL = "-Onone";
				SWIFT_VERSION = 5.0;
			};
			name = Debug;
		};
		D3EC353B2A532C0100B4F797 /* Release */ = {
			isa = XCBuildConfiguration;
			buildSettings = {
				CLANG_ENABLE_MODULES = YES;
				CODE_SIGN_STYLE = Automatic;
				COMBINE_HIDPI_IMAGES = YES;
				CURRENT_PROJECT_VERSION = 1;
				DEFINES_MODULE = YES;
				DEVELOPMENT_TEAM = P2PH6ZPWL5;
				DYLIB_COMPATIBILITY_VERSION = 1;
				DYLIB_CURRENT_VERSION = 1;
				DYLIB_INSTALL_NAME_BASE = "@rpath";
				ENABLE_MODULE_VERIFIER = YES;
				GENERATE_INFOPLIST_FILE = YES;
				INFOPLIST_KEY_NSHumanReadableCopyright = "";
				INSTALL_PATH = "$(LOCAL_LIBRARY_DIR)/Frameworks";
				LD_RUNPATH_SEARCH_PATHS = (
					"$(inherited)",
					"@executable_path/../Frameworks",
					"@loader_path/Frameworks",
				);
				MARKETING_VERSION = 1.0;
				MODULE_VERIFIER_SUPPORTED_LANGUAGES = "objective-c objective-c++";
				MODULE_VERIFIER_SUPPORTED_LANGUAGE_STANDARDS = "gnu11 gnu++20";
				PRODUCT_BUNDLE_IDENTIFIER = dev.merdin.EssentialFeed;
				PRODUCT_NAME = "$(TARGET_NAME:c99extidentifier)";
				SKIP_INSTALL = YES;
				SWIFT_EMIT_LOC_STRINGS = YES;
				SWIFT_VERSION = 5.0;
			};
			name = Release;
		};
		D3EC353D2A532C0100B4F797 /* Debug */ = {
			isa = XCBuildConfiguration;
			buildSettings = {
				ALWAYS_EMBED_SWIFT_STANDARD_LIBRARIES = YES;
				CODE_SIGN_STYLE = Automatic;
				CURRENT_PROJECT_VERSION = 1;
				DEVELOPMENT_TEAM = P2PH6ZPWL5;
				GENERATE_INFOPLIST_FILE = YES;
				MARKETING_VERSION = 1.0;
				PRODUCT_BUNDLE_IDENTIFIER = dev.merdin.EssentialFeedTests;
				PRODUCT_NAME = "$(TARGET_NAME)";
				SWIFT_EMIT_LOC_STRINGS = NO;
				SWIFT_VERSION = 5.0;
			};
			name = Debug;
		};
		D3EC353E2A532C0100B4F797 /* Release */ = {
			isa = XCBuildConfiguration;
			buildSettings = {
				ALWAYS_EMBED_SWIFT_STANDARD_LIBRARIES = YES;
				CODE_SIGN_STYLE = Automatic;
				CURRENT_PROJECT_VERSION = 1;
				DEVELOPMENT_TEAM = P2PH6ZPWL5;
				GENERATE_INFOPLIST_FILE = YES;
				MARKETING_VERSION = 1.0;
				PRODUCT_BUNDLE_IDENTIFIER = dev.merdin.EssentialFeedTests;
				PRODUCT_NAME = "$(TARGET_NAME)";
				SWIFT_EMIT_LOC_STRINGS = NO;
				SWIFT_VERSION = 5.0;
			};
			name = Release;
		};
/* End XCBuildConfiguration section */

/* Begin XCConfigurationList section */
		D3740F392A7C100C00F23B18 /* Build configuration list for PBXNativeTarget "EssentialFeedAPIEndToEndTests" */ = {
			isa = XCConfigurationList;
			buildConfigurations = (
				D3740F3A2A7C100C00F23B18 /* Debug */,
				D3740F3B2A7C100C00F23B18 /* Release */,
			);
			defaultConfigurationIsVisible = 0;
			defaultConfigurationName = Release;
		};
		D3EC35212A532C0000B4F797 /* Build configuration list for PBXProject "EssentialFeed" */ = {
			isa = XCConfigurationList;
			buildConfigurations = (
				D3EC35372A532C0100B4F797 /* Debug */,
				D3EC35382A532C0100B4F797 /* Release */,
			);
			defaultConfigurationIsVisible = 0;
			defaultConfigurationName = Release;
		};
		D3EC35392A532C0100B4F797 /* Build configuration list for PBXNativeTarget "EssentialFeed" */ = {
			isa = XCConfigurationList;
			buildConfigurations = (
				D3EC353A2A532C0100B4F797 /* Debug */,
				D3EC353B2A532C0100B4F797 /* Release */,
			);
			defaultConfigurationIsVisible = 0;
			defaultConfigurationName = Release;
		};
		D3EC353C2A532C0100B4F797 /* Build configuration list for PBXNativeTarget "EssentialFeedTests" */ = {
			isa = XCConfigurationList;
			buildConfigurations = (
				D3EC353D2A532C0100B4F797 /* Debug */,
				D3EC353E2A532C0100B4F797 /* Release */,
			);
			defaultConfigurationIsVisible = 0;
			defaultConfigurationName = Release;
		};
/* End XCConfigurationList section */
	};
	rootObject = D3EC351E2A532C0000B4F797 /* Project object */;
}
